
Microsoft Visual Studio Solution File, Format Version 12.00
# Visual Studio Version 17
VisualStudioVersion = 17.6.33513.286
MinimumVisualStudioVersion = 10.0.40219.1
Project("{FAE04EC0-301F-11D3-BF4B-00C04F79EFBC}") = "Jem.Rethink.TextLibrary.UnitTests", "Jem.Rethink.TextLibrary.UnitTests\Jem.Rethink.TextLibrary.UnitTests.csproj", "{403D99F7-EE4F-4EB5-8BC0-6330AD2AF9FC}"
EndProject
Global
	GlobalSection(SolutionConfigurationPlatforms) = preSolution
		Debug|Any CPU = Debug|Any CPU
		Release|Any CPU = Release|Any CPU
	EndGlobalSection
	GlobalSection(ProjectConfigurationPlatforms) = postSolution
		{403D99F7-EE4F-4EB5-8BC0-6330AD2AF9FC}.Debug|Any CPU.ActiveCfg = Debug|Any CPU
		{403D99F7-EE4F-4EB5-8BC0-6330AD2AF9FC}.Debug|Any CPU.Build.0 = Debug|Any CPU
		{403D99F7-EE4F-4EB5-8BC0-6330AD2AF9FC}.Release|Any CPU.ActiveCfg = Release|Any CPU
		{403D99F7-EE4F-4EB5-8BC0-6330AD2AF9FC}.Release|Any CPU.Build.0 = Release|Any CPU
	EndGlobalSection
	GlobalSection(SolutionProperties) = preSolution
		HideSolutionNode = FALSE
	EndGlobalSection
	GlobalSection(ExtensibilityGlobals) = postSolution
		SolutionGuid = {12CC3020-DBBF-4343-92C1-C6151D693E0E}
	EndGlobalSection
EndGlobal
